
Microsoft Visual Studio Solution File, Format Version 12.00
# Visual Studio Version 16
VisualStudioVersion = 16.0.29509.3
MinimumVisualStudioVersion = 10.0.40219.1
Project("{8BC9CEB8-8B4A-11D0-8D11-00A0C91BC942}") = "InterpolSearch", "InterpolSearch\InterpolSearch.vcxproj", "{A5561D88-9E13-4214-B355-27D94B97BFEA}"
EndProject
Global
	GlobalSection(SolutionConfigurationPlatforms) = preSolution
		Debug|x64 = Debug|x64
		Debug|x86 = Debug|x86
		Release|x64 = Release|x64
		Release|x86 = Release|x86
	EndGlobalSection
	GlobalSection(ProjectConfigurationPlatforms) = postSolution
		{A5561D88-9E13-4214-B355-27D94B97BFEA}.Debug|x64.ActiveCfg = Debug|x64
		{A5561D88-9E13-4214-B355-27D94B97BFEA}.Debug|x64.Build.0 = Debug|x64
		{A5561D88-9E13-4214-B355-27D94B97BFEA}.Debug|x86.ActiveCfg = Debug|Win32
		{A5561D88-9E13-4214-B355-27D94B97BFEA}.Debug|x86.Build.0 = Debug|Win32
		{A5561D88-9E13-4214-B355-27D94B97BFEA}.Release|x64.ActiveCfg = Release|x64
		{A5561D88-9E13-4214-B355-27D94B97BFEA}.Release|x64.Build.0 = Release|x64
		{A5561D88-9E13-4214-B355-27D94B97BFEA}.Release|x86.ActiveCfg = Release|Win32
		{A5561D88-9E13-4214-B355-27D94B97BFEA}.Release|x86.Build.0 = Release|Win32
	EndGlobalSection
	GlobalSection(SolutionProperties) = preSolution
		HideSolutionNode = FALSE
	EndGlobalSection
	GlobalSection(ExtensibilityGlobals) = postSolution
		SolutionGuid = {AA64BC2D-DEA5-475B-8D25-E0EED84B766F}
	EndGlobalSection
EndGlobal
