
Microsoft Visual Studio Solution File, Format Version 12.00
# Visual Studio Version 16
VisualStudioVersion = 16.0.29201.188
MinimumVisualStudioVersion = 10.0.40219.1
Project("{8BC9CEB8-8B4A-11D0-8D11-00A0C91BC942}") = "CircularQueue", "CircularQueue\CircularQueue.vcxproj", "{F4A8A5A0-AEEB-4E67-9E0D-B5F2F6EA146F}"
EndProject
Project("{8BC9CEB8-8B4A-11D0-8D11-00A0C91BC942}") = "ListBaseQueue", "ListBaseQueue\ListBaseQueue.vcxproj", "{76E8264E-C70A-4E1C-8027-0035E83EAF54}"
EndProject
Project("{8BC9CEB8-8B4A-11D0-8D11-00A0C91BC942}") = "HamburgerSim", "HamburgerSim\HamburgerSim.vcxproj", "{5A4B228A-B390-4211-A204-74C665BDDDA1}"
EndProject
Project("{8BC9CEB8-8B4A-11D0-8D11-00A0C91BC942}") = "Deque", "Deque\Deque.vcxproj", "{27CCE14D-8BC2-4C6B-8318-AB369FBD15C2}"
EndProject
Global
	GlobalSection(SolutionConfigurationPlatforms) = preSolution
		Debug|x64 = Debug|x64
		Debug|x86 = Debug|x86
		Release|x64 = Release|x64
		Release|x86 = Release|x86
	EndGlobalSection
	GlobalSection(ProjectConfigurationPlatforms) = postSolution
		{F4A8A5A0-AEEB-4E67-9E0D-B5F2F6EA146F}.Debug|x64.ActiveCfg = Debug|x64
		{F4A8A5A0-AEEB-4E67-9E0D-B5F2F6EA146F}.Debug|x64.Build.0 = Debug|x64
		{F4A8A5A0-AEEB-4E67-9E0D-B5F2F6EA146F}.Debug|x86.ActiveCfg = Debug|Win32
		{F4A8A5A0-AEEB-4E67-9E0D-B5F2F6EA146F}.Debug|x86.Build.0 = Debug|Win32
		{F4A8A5A0-AEEB-4E67-9E0D-B5F2F6EA146F}.Release|x64.ActiveCfg = Release|x64
		{F4A8A5A0-AEEB-4E67-9E0D-B5F2F6EA146F}.Release|x64.Build.0 = Release|x64
		{F4A8A5A0-AEEB-4E67-9E0D-B5F2F6EA146F}.Release|x86.ActiveCfg = Release|Win32
		{F4A8A5A0-AEEB-4E67-9E0D-B5F2F6EA146F}.Release|x86.Build.0 = Release|Win32
		{76E8264E-C70A-4E1C-8027-0035E83EAF54}.Debug|x64.ActiveCfg = Debug|x64
		{76E8264E-C70A-4E1C-8027-0035E83EAF54}.Debug|x64.Build.0 = Debug|x64
		{76E8264E-C70A-4E1C-8027-0035E83EAF54}.Debug|x86.ActiveCfg = Debug|Win32
		{76E8264E-C70A-4E1C-8027-0035E83EAF54}.Debug|x86.Build.0 = Debug|Win32
		{76E8264E-C70A-4E1C-8027-0035E83EAF54}.Release|x64.ActiveCfg = Release|x64
		{76E8264E-C70A-4E1C-8027-0035E83EAF54}.Release|x64.Build.0 = Release|x64
		{76E8264E-C70A-4E1C-8027-0035E83EAF54}.Release|x86.ActiveCfg = Release|Win32
		{76E8264E-C70A-4E1C-8027-0035E83EAF54}.Release|x86.Build.0 = Release|Win32
		{5A4B228A-B390-4211-A204-74C665BDDDA1}.Debug|x64.ActiveCfg = Debug|x64
		{5A4B228A-B390-4211-A204-74C665BDDDA1}.Debug|x64.Build.0 = Debug|x64
		{5A4B228A-B390-4211-A204-74C665BDDDA1}.Debug|x86.ActiveCfg = Debug|Win32
		{5A4B228A-B390-4211-A204-74C665BDDDA1}.Debug|x86.Build.0 = Debug|Win32
		{5A4B228A-B390-4211-A204-74C665BDDDA1}.Release|x64.ActiveCfg = Release|x64
		{5A4B228A-B390-4211-A204-74C665BDDDA1}.Release|x64.Build.0 = Release|x64
		{5A4B228A-B390-4211-A204-74C665BDDDA1}.Release|x86.ActiveCfg = Release|Win32
		{5A4B228A-B390-4211-A204-74C665BDDDA1}.Release|x86.Build.0 = Release|Win32
		{27CCE14D-8BC2-4C6B-8318-AB369FBD15C2}.Debug|x64.ActiveCfg = Debug|x64
		{27CCE14D-8BC2-4C6B-8318-AB369FBD15C2}.Debug|x64.Build.0 = Debug|x64
		{27CCE14D-8BC2-4C6B-8318-AB369FBD15C2}.Debug|x86.ActiveCfg = Debug|Win32
		{27CCE14D-8BC2-4C6B-8318-AB369FBD15C2}.Debug|x86.Build.0 = Debug|Win32
		{27CCE14D-8BC2-4C6B-8318-AB369FBD15C2}.Release|x64.ActiveCfg = Release|x64
		{27CCE14D-8BC2-4C6B-8318-AB369FBD15C2}.Release|x64.Build.0 = Release|x64
		{27CCE14D-8BC2-4C6B-8318-AB369FBD15C2}.Release|x86.ActiveCfg = Release|Win32
		{27CCE14D-8BC2-4C6B-8318-AB369FBD15C2}.Release|x86.Build.0 = Release|Win32
	EndGlobalSection
	GlobalSection(SolutionProperties) = preSolution
		HideSolutionNode = FALSE
	EndGlobalSection
	GlobalSection(ExtensibilityGlobals) = postSolution
		SolutionGuid = {AF5A135E-0862-4CFE-AAC7-75C8CC858764}
	EndGlobalSection
EndGlobal
