
Microsoft Visual Studio Solution File, Format Version 12.00
# Visual Studio 14
VisualStudioVersion = 14.0.25420.1
MinimumVisualStudioVersion = 10.0.40219.1
Project("{8BC9CEB8-8B4A-11D0-8D11-00A0C91BC942}") = "LiniearSearch", "LiniearSearch\LiniearSearch.vcxproj", "{04AB12C7-DBF6-4AB1-BBD1-0ED3905475A5}"
EndProject
Project("{8BC9CEB8-8B4A-11D0-8D11-00A0C91BC942}") = "BinarySearch", "BinarySearch\BinarySearch.vcxproj", "{E1F3A998-5F54-4A8D-B7AA-5E614F3225E7}"
EndProject
Global
	GlobalSection(SolutionConfigurationPlatforms) = preSolution
		Debug|x64 = Debug|x64
		Debug|x86 = Debug|x86
		Release|x64 = Release|x64
		Release|x86 = Release|x86
	EndGlobalSection
	GlobalSection(ProjectConfigurationPlatforms) = postSolution
		{04AB12C7-DBF6-4AB1-BBD1-0ED3905475A5}.Debug|x64.ActiveCfg = Debug|x64
		{04AB12C7-DBF6-4AB1-BBD1-0ED3905475A5}.Debug|x64.Build.0 = Debug|x64
		{04AB12C7-DBF6-4AB1-BBD1-0ED3905475A5}.Debug|x86.ActiveCfg = Debug|Win32
		{04AB12C7-DBF6-4AB1-BBD1-0ED3905475A5}.Debug|x86.Build.0 = Debug|Win32
		{04AB12C7-DBF6-4AB1-BBD1-0ED3905475A5}.Release|x64.ActiveCfg = Release|x64
		{04AB12C7-DBF6-4AB1-BBD1-0ED3905475A5}.Release|x64.Build.0 = Release|x64
		{04AB12C7-DBF6-4AB1-BBD1-0ED3905475A5}.Release|x86.ActiveCfg = Release|Win32
		{04AB12C7-DBF6-4AB1-BBD1-0ED3905475A5}.Release|x86.Build.0 = Release|Win32
		{E1F3A998-5F54-4A8D-B7AA-5E614F3225E7}.Debug|x64.ActiveCfg = Debug|x64
		{E1F3A998-5F54-4A8D-B7AA-5E614F3225E7}.Debug|x64.Build.0 = Debug|x64
		{E1F3A998-5F54-4A8D-B7AA-5E614F3225E7}.Debug|x86.ActiveCfg = Debug|Win32
		{E1F3A998-5F54-4A8D-B7AA-5E614F3225E7}.Debug|x86.Build.0 = Debug|Win32
		{E1F3A998-5F54-4A8D-B7AA-5E614F3225E7}.Release|x64.ActiveCfg = Release|x64
		{E1F3A998-5F54-4A8D-B7AA-5E614F3225E7}.Release|x64.Build.0 = Release|x64
		{E1F3A998-5F54-4A8D-B7AA-5E614F3225E7}.Release|x86.ActiveCfg = Release|Win32
		{E1F3A998-5F54-4A8D-B7AA-5E614F3225E7}.Release|x86.Build.0 = Release|Win32
	EndGlobalSection
	GlobalSection(SolutionProperties) = preSolution
		HideSolutionNode = FALSE
	EndGlobalSection
EndGlobal
