
Microsoft Visual Studio Solution File, Format Version 12.00
# Visual Studio Version 16
VisualStudioVersion = 16.0.29509.3
MinimumVisualStudioVersion = 10.0.40219.1
Project("{8BC9CEB8-8B4A-11D0-8D11-00A0C91BC942}") = "BubbleSort", "BubbleSort\BubbleSort.vcxproj", "{F5345C59-AE77-466B-B364-419078D2F7C4}"
EndProject
Project("{8BC9CEB8-8B4A-11D0-8D11-00A0C91BC942}") = "SelectionSort", "SelectionSort\SelectionSort.vcxproj", "{48184054-5B6A-4F57-A8A2-23E98D878B7F}"
EndProject
Project("{8BC9CEB8-8B4A-11D0-8D11-00A0C91BC942}") = "InsertionSort", "InsertionSort\InsertionSort.vcxproj", "{31736746-883F-4B0C-9D5A-08238FCA5A23}"
EndProject
Project("{8BC9CEB8-8B4A-11D0-8D11-00A0C91BC942}") = "HeapSort", "HeapSort\HeapSort.vcxproj", "{03C5F656-3F06-463A-ADB3-C198584D2A4E}"
EndProject
Project("{8BC9CEB8-8B4A-11D0-8D11-00A0C91BC942}") = "MergeSort", "MergeSort\MergeSort.vcxproj", "{B5D47E54-C98E-41A0-8563-FDF1A227F165}"
EndProject
Project("{8BC9CEB8-8B4A-11D0-8D11-00A0C91BC942}") = "QuickSort", "QuickSort\QuickSort.vcxproj", "{B6FD4904-8BBD-4944-9416-E123A6FF0300}"
EndProject
Project("{8BC9CEB8-8B4A-11D0-8D11-00A0C91BC942}") = "QuickSort_2", "QuickSort_2\QuickSort_2.vcxproj", "{2AE165C5-6BD2-4700-A0F5-A32DA63E528D}"
EndProject
Global
	GlobalSection(SolutionConfigurationPlatforms) = preSolution
		Debug|x64 = Debug|x64
		Debug|x86 = Debug|x86
		Release|x64 = Release|x64
		Release|x86 = Release|x86
	EndGlobalSection
	GlobalSection(ProjectConfigurationPlatforms) = postSolution
		{F5345C59-AE77-466B-B364-419078D2F7C4}.Debug|x64.ActiveCfg = Debug|x64
		{F5345C59-AE77-466B-B364-419078D2F7C4}.Debug|x64.Build.0 = Debug|x64
		{F5345C59-AE77-466B-B364-419078D2F7C4}.Debug|x86.ActiveCfg = Debug|Win32
		{F5345C59-AE77-466B-B364-419078D2F7C4}.Debug|x86.Build.0 = Debug|Win32
		{F5345C59-AE77-466B-B364-419078D2F7C4}.Release|x64.ActiveCfg = Release|x64
		{F5345C59-AE77-466B-B364-419078D2F7C4}.Release|x64.Build.0 = Release|x64
		{F5345C59-AE77-466B-B364-419078D2F7C4}.Release|x86.ActiveCfg = Release|Win32
		{F5345C59-AE77-466B-B364-419078D2F7C4}.Release|x86.Build.0 = Release|Win32
		{48184054-5B6A-4F57-A8A2-23E98D878B7F}.Debug|x64.ActiveCfg = Debug|x64
		{48184054-5B6A-4F57-A8A2-23E98D878B7F}.Debug|x64.Build.0 = Debug|x64
		{48184054-5B6A-4F57-A8A2-23E98D878B7F}.Debug|x86.ActiveCfg = Debug|Win32
		{48184054-5B6A-4F57-A8A2-23E98D878B7F}.Debug|x86.Build.0 = Debug|Win32
		{48184054-5B6A-4F57-A8A2-23E98D878B7F}.Release|x64.ActiveCfg = Release|x64
		{48184054-5B6A-4F57-A8A2-23E98D878B7F}.Release|x64.Build.0 = Release|x64
		{48184054-5B6A-4F57-A8A2-23E98D878B7F}.Release|x86.ActiveCfg = Release|Win32
		{48184054-5B6A-4F57-A8A2-23E98D878B7F}.Release|x86.Build.0 = Release|Win32
		{31736746-883F-4B0C-9D5A-08238FCA5A23}.Debug|x64.ActiveCfg = Debug|x64
		{31736746-883F-4B0C-9D5A-08238FCA5A23}.Debug|x64.Build.0 = Debug|x64
		{31736746-883F-4B0C-9D5A-08238FCA5A23}.Debug|x86.ActiveCfg = Debug|Win32
		{31736746-883F-4B0C-9D5A-08238FCA5A23}.Debug|x86.Build.0 = Debug|Win32
		{31736746-883F-4B0C-9D5A-08238FCA5A23}.Release|x64.ActiveCfg = Release|x64
		{31736746-883F-4B0C-9D5A-08238FCA5A23}.Release|x64.Build.0 = Release|x64
		{31736746-883F-4B0C-9D5A-08238FCA5A23}.Release|x86.ActiveCfg = Release|Win32
		{31736746-883F-4B0C-9D5A-08238FCA5A23}.Release|x86.Build.0 = Release|Win32
		{03C5F656-3F06-463A-ADB3-C198584D2A4E}.Debug|x64.ActiveCfg = Debug|x64
		{03C5F656-3F06-463A-ADB3-C198584D2A4E}.Debug|x64.Build.0 = Debug|x64
		{03C5F656-3F06-463A-ADB3-C198584D2A4E}.Debug|x86.ActiveCfg = Debug|Win32
		{03C5F656-3F06-463A-ADB3-C198584D2A4E}.Debug|x86.Build.0 = Debug|Win32
		{03C5F656-3F06-463A-ADB3-C198584D2A4E}.Release|x64.ActiveCfg = Release|x64
		{03C5F656-3F06-463A-ADB3-C198584D2A4E}.Release|x64.Build.0 = Release|x64
		{03C5F656-3F06-463A-ADB3-C198584D2A4E}.Release|x86.ActiveCfg = Release|Win32
		{03C5F656-3F06-463A-ADB3-C198584D2A4E}.Release|x86.Build.0 = Release|Win32
		{B5D47E54-C98E-41A0-8563-FDF1A227F165}.Debug|x64.ActiveCfg = Debug|x64
		{B5D47E54-C98E-41A0-8563-FDF1A227F165}.Debug|x64.Build.0 = Debug|x64
		{B5D47E54-C98E-41A0-8563-FDF1A227F165}.Debug|x86.ActiveCfg = Debug|Win32
		{B5D47E54-C98E-41A0-8563-FDF1A227F165}.Debug|x86.Build.0 = Debug|Win32
		{B5D47E54-C98E-41A0-8563-FDF1A227F165}.Release|x64.ActiveCfg = Release|x64
		{B5D47E54-C98E-41A0-8563-FDF1A227F165}.Release|x64.Build.0 = Release|x64
		{B5D47E54-C98E-41A0-8563-FDF1A227F165}.Release|x86.ActiveCfg = Release|Win32
		{B5D47E54-C98E-41A0-8563-FDF1A227F165}.Release|x86.Build.0 = Release|Win32
		{B6FD4904-8BBD-4944-9416-E123A6FF0300}.Debug|x64.ActiveCfg = Debug|x64
		{B6FD4904-8BBD-4944-9416-E123A6FF0300}.Debug|x64.Build.0 = Debug|x64
		{B6FD4904-8BBD-4944-9416-E123A6FF0300}.Debug|x86.ActiveCfg = Debug|Win32
		{B6FD4904-8BBD-4944-9416-E123A6FF0300}.Debug|x86.Build.0 = Debug|Win32
		{B6FD4904-8BBD-4944-9416-E123A6FF0300}.Release|x64.ActiveCfg = Release|x64
		{B6FD4904-8BBD-4944-9416-E123A6FF0300}.Release|x64.Build.0 = Release|x64
		{B6FD4904-8BBD-4944-9416-E123A6FF0300}.Release|x86.ActiveCfg = Release|Win32
		{B6FD4904-8BBD-4944-9416-E123A6FF0300}.Release|x86.Build.0 = Release|Win32
		{2AE165C5-6BD2-4700-A0F5-A32DA63E528D}.Debug|x64.ActiveCfg = Debug|x64
		{2AE165C5-6BD2-4700-A0F5-A32DA63E528D}.Debug|x64.Build.0 = Debug|x64
		{2AE165C5-6BD2-4700-A0F5-A32DA63E528D}.Debug|x86.ActiveCfg = Debug|Win32
		{2AE165C5-6BD2-4700-A0F5-A32DA63E528D}.Debug|x86.Build.0 = Debug|Win32
		{2AE165C5-6BD2-4700-A0F5-A32DA63E528D}.Release|x64.ActiveCfg = Release|x64
		{2AE165C5-6BD2-4700-A0F5-A32DA63E528D}.Release|x64.Build.0 = Release|x64
		{2AE165C5-6BD2-4700-A0F5-A32DA63E528D}.Release|x86.ActiveCfg = Release|Win32
		{2AE165C5-6BD2-4700-A0F5-A32DA63E528D}.Release|x86.Build.0 = Release|Win32
	EndGlobalSection
	GlobalSection(SolutionProperties) = preSolution
		HideSolutionNode = FALSE
	EndGlobalSection
	GlobalSection(ExtensibilityGlobals) = postSolution
		SolutionGuid = {302428B3-72FC-4438-84D6-4C3FB23D2744}
	EndGlobalSection
EndGlobal
