
Microsoft Visual Studio Solution File, Format Version 12.00
# Visual Studio 15
VisualStudioVersion = 15.0.27004.2009
MinimumVisualStudioVersion = 10.0.40219.1
Project("{8BC9CEB8-8B4A-11D0-8D11-00A0C91BC942}") = "RecursiveFunc", "RecursiveFunc\RecursiveFunc.vcxproj", "{26557DAA-3029-4F94-848A-A48AB47A9D25}"
EndProject
Project("{8BC9CEB8-8B4A-11D0-8D11-00A0C91BC942}") = "RecursiveFactorial", "RecursiveFactorial\RecursiveFactorial.vcxproj", "{96F4D473-BC97-4725-A3C8-1878D06C9033}"
EndProject
Global
	GlobalSection(SolutionConfigurationPlatforms) = preSolution
		Debug|x64 = Debug|x64
		Debug|x86 = Debug|x86
		Release|x64 = Release|x64
		Release|x86 = Release|x86
	EndGlobalSection
	GlobalSection(ProjectConfigurationPlatforms) = postSolution
		{26557DAA-3029-4F94-848A-A48AB47A9D25}.Debug|x64.ActiveCfg = Debug|x64
		{26557DAA-3029-4F94-848A-A48AB47A9D25}.Debug|x64.Build.0 = Debug|x64
		{26557DAA-3029-4F94-848A-A48AB47A9D25}.Debug|x86.ActiveCfg = Debug|Win32
		{26557DAA-3029-4F94-848A-A48AB47A9D25}.Debug|x86.Build.0 = Debug|Win32
		{26557DAA-3029-4F94-848A-A48AB47A9D25}.Release|x64.ActiveCfg = Release|x64
		{26557DAA-3029-4F94-848A-A48AB47A9D25}.Release|x64.Build.0 = Release|x64
		{26557DAA-3029-4F94-848A-A48AB47A9D25}.Release|x86.ActiveCfg = Release|Win32
		{26557DAA-3029-4F94-848A-A48AB47A9D25}.Release|x86.Build.0 = Release|Win32
		{96F4D473-BC97-4725-A3C8-1878D06C9033}.Debug|x64.ActiveCfg = Debug|x64
		{96F4D473-BC97-4725-A3C8-1878D06C9033}.Debug|x64.Build.0 = Debug|x64
		{96F4D473-BC97-4725-A3C8-1878D06C9033}.Debug|x86.ActiveCfg = Debug|Win32
		{96F4D473-BC97-4725-A3C8-1878D06C9033}.Debug|x86.Build.0 = Debug|Win32
		{96F4D473-BC97-4725-A3C8-1878D06C9033}.Release|x64.ActiveCfg = Release|x64
		{96F4D473-BC97-4725-A3C8-1878D06C9033}.Release|x64.Build.0 = Release|x64
		{96F4D473-BC97-4725-A3C8-1878D06C9033}.Release|x86.ActiveCfg = Release|Win32
		{96F4D473-BC97-4725-A3C8-1878D06C9033}.Release|x86.Build.0 = Release|Win32
	EndGlobalSection
	GlobalSection(SolutionProperties) = preSolution
		HideSolutionNode = FALSE
	EndGlobalSection
	GlobalSection(ExtensibilityGlobals) = postSolution
		SolutionGuid = {A894527E-79BB-4CA7-BC24-90DF323A0E63}
	EndGlobalSection
EndGlobal
